// !$*UTF8*$!
{
	archiveVersion = 1;
	classes = {
	};
	objectVersion = 56;
	objects = {

/* Begin PBXBuildFile section */
		3294FD1D2AFC50A7007783D0 /* mindwadeApp.swift in Sources */ = {isa = PBXBuildFile; fileRef = 3294FD1C2AFC50A7007783D0 /* mindwadeApp.swift */; };
		3294FD1F2AFC50A7007783D0 /* ContentView.swift in Sources */ = {isa = PBXBuildFile; fileRef = 3294FD1E2AFC50A7007783D0 /* ContentView.swift */; };
		3294FD212AFC50A7007783D0 /* Assets.xcassets in Resources */ = {isa = PBXBuildFile; fileRef = 3294FD202AFC50A7007783D0 /* Assets.xcassets */; };
		3294FD242AFC50A7007783D0 /* Preview Assets.xcassets in Resources */ = {isa = PBXBuildFile; fileRef = 3294FD232AFC50A7007783D0 /* Preview Assets.xcassets */; };
		3294FD2E2AFC50A8007783D0 /* mindwadeTests.swift in Sources */ = {isa = PBXBuildFile; fileRef = 3294FD2D2AFC50A8007783D0 /* mindwadeTests.swift */; };
		3294FD382AFC50A8007783D0 /* mindwadeUITests.swift in Sources */ = {isa = PBXBuildFile; fileRef = 3294FD372AFC50A8007783D0 /* mindwadeUITests.swift */; };
		3294FD3A2AFC50A8007783D0 /* mindwadeUITestsLaunchTests.swift in Sources */ = {isa = PBXBuildFile; fileRef = 3294FD392AFC50A8007783D0 /* mindwadeUITestsLaunchTests.swift */; };
		32F92F582AFD472B00C9D905 /* Data.swift in Sources */ = {isa = PBXBuildFile; fileRef = 32F92F572AFD472B00C9D905 /* Data.swift */; };
		32F92F5A2AFD47AD00C9D905 /* data.json in Resources */ = {isa = PBXBuildFile; fileRef = 32F92F592AFD47AD00C9D905 /* data.json */; };
/* End PBXBuildFile section */

/* Begin PBXContainerItemProxy section */
		3294FD2A2AFC50A8007783D0 /* PBXContainerItemProxy */ = {
			isa = PBXContainerItemProxy;
			containerPortal = 3294FD112AFC50A6007783D0 /* Project object */;
			proxyType = 1;
			remoteGlobalIDString = 3294FD182AFC50A6007783D0;
			remoteInfo = mindwade;
		};
		3294FD342AFC50A8007783D0 /* PBXContainerItemProxy */ = {
			isa = PBXContainerItemProxy;
			containerPortal = 3294FD112AFC50A6007783D0 /* Project object */;
			proxyType = 1;
			remoteGlobalIDString = 3294FD182AFC50A6007783D0;
			remoteInfo = mindwade;
		};
/* End PBXContainerItemProxy section */

/* Begin PBXFileReference section */
		3294FD192AFC50A7007783D0 /* mindwade.app */ = {isa = PBXFileReference; explicitFileType = wrapper.application; includeInIndex = 0; path = mindwade.app; sourceTree = BUILT_PRODUCTS_DIR; };
		3294FD1C2AFC50A7007783D0 /* mindwadeApp.swift */ = {isa = PBXFileReference; lastKnownFileType = sourcecode.swift; path = mindwadeApp.swift; sourceTree = "<group>"; };
		3294FD1E2AFC50A7007783D0 /* ContentView.swift */ = {isa = PBXFileReference; lastKnownFileType = sourcecode.swift; path = ContentView.swift; sourceTree = "<group>"; };
		3294FD202AFC50A7007783D0 /* Assets.xcassets */ = {isa = PBXFileReference; lastKnownFileType = folder.assetcatalog; path = Assets.xcassets; sourceTree = "<group>"; };
		3294FD232AFC50A7007783D0 /* Preview Assets.xcassets */ = {isa = PBXFileReference; lastKnownFileType = folder.assetcatalog; path = "Preview Assets.xcassets"; sourceTree = "<group>"; };
		3294FD292AFC50A8007783D0 /* mindwadeTests.xctest */ = {isa = PBXFileReference; explicitFileType = wrapper.cfbundle; includeInIndex = 0; path = mindwadeTests.xctest; sourceTree = BUILT_PRODUCTS_DIR; };
		3294FD2D2AFC50A8007783D0 /* mindwadeTests.swift */ = {isa = PBXFileReference; lastKnownFileType = sourcecode.swift; path = mindwadeTests.swift; sourceTree = "<group>"; };
		3294FD332AFC50A8007783D0 /* mindwadeUITests.xctest */ = {isa = PBXFileReference; explicitFileType = wrapper.cfbundle; includeInIndex = 0; path = mindwadeUITests.xctest; sourceTree = BUILT_PRODUCTS_DIR; };
		3294FD372AFC50A8007783D0 /* mindwadeUITests.swift */ = {isa = PBXFileReference; lastKnownFileType = sourcecode.swift; path = mindwadeUITests.swift; sourceTree = "<group>"; };
		3294FD392AFC50A8007783D0 /* mindwadeUITestsLaunchTests.swift */ = {isa = PBXFileReference; lastKnownFileType = sourcecode.swift; path = mindwadeUITestsLaunchTests.swift; sourceTree = "<group>"; };
		32F92F572AFD472B00C9D905 /* Data.swift */ = {isa = PBXFileReference; lastKnownFileType = sourcecode.swift; path = Data.swift; sourceTree = "<group>"; };
		32F92F592AFD47AD00C9D905 /* data.json */ = {isa = PBXFileReference; lastKnownFileType = text.json; path = data.json; sourceTree = "<group>"; };
/* End PBXFileReference section */

/* Begin PBXFrameworksBuildPhase section */
		3294FD162AFC50A6007783D0 /* Frameworks */ = {
			isa = PBXFrameworksBuildPhase;
			buildActionMask = 2147483647;
			files = (
			);
			runOnlyForDeploymentPostprocessing = 0;
		};
		3294FD262AFC50A8007783D0 /* Frameworks */ = {
			isa = PBXFrameworksBuildPhase;
			buildActionMask = 2147483647;
			files = (
			);
			runOnlyForDeploymentPostprocessing = 0;
		};
		3294FD302AFC50A8007783D0 /* Frameworks */ = {
			isa = PBXFrameworksBuildPhase;
			buildActionMask = 2147483647;
			files = (
			);
			runOnlyForDeploymentPostprocessing = 0;
		};
/* End PBXFrameworksBuildPhase section */

/* Begin PBXGroup section */
		3294FD102AFC50A6007783D0 = {
			isa = PBXGroup;
			children = (
				3294FD1B2AFC50A7007783D0 /* mindwade */,
				3294FD2C2AFC50A8007783D0 /* mindwadeTests */,
				3294FD362AFC50A8007783D0 /* mindwadeUITests */,
				3294FD1A2AFC50A7007783D0 /* Products */,
			);
			sourceTree = "<group>";
		};
		3294FD1A2AFC50A7007783D0 /* Products */ = {
			isa = PBXGroup;
			children = (
				3294FD192AFC50A7007783D0 /* mindwade.app */,
				3294FD292AFC50A8007783D0 /* mindwadeTests.xctest */,
				3294FD332AFC50A8007783D0 /* mindwadeUITests.xctest */,
			);
			name = Products;
			sourceTree = "<group>";
		};
		3294FD1B2AFC50A7007783D0 /* mindwade */ = {
			isa = PBXGroup;
			children = (
				3294FD1C2AFC50A7007783D0 /* mindwadeApp.swift */,
				3294FD1E2AFC50A7007783D0 /* ContentView.swift */,
				3294FD202AFC50A7007783D0 /* Assets.xcassets */,
				3294FD222AFC50A7007783D0 /* Preview Content */,
				32F92F572AFD472B00C9D905 /* Data.swift */,
				32F92F592AFD47AD00C9D905 /* data.json */,
			);
			path = mindwade;
			sourceTree = "<group>";
		};
		3294FD222AFC50A7007783D0 /* Preview Content */ = {
			isa = PBXGroup;
			children = (
				3294FD232AFC50A7007783D0 /* Preview Assets.xcassets */,
			);
			path = "Preview Content";
			sourceTree = "<group>";
		};
		3294FD2C2AFC50A8007783D0 /* mindwadeTests */ = {
			isa = PBXGroup;
			children = (
				3294FD2D2AFC50A8007783D0 /* mindwadeTests.swift */,
			);
			path = mindwadeTests;
			sourceTree = "<group>";
		};
		3294FD362AFC50A8007783D0 /* mindwadeUITests */ = {
			isa = PBXGroup;
			children = (
				3294FD372AFC50A8007783D0 /* mindwadeUITests.swift */,
				3294FD392AFC50A8007783D0 /* mindwadeUITestsLaunchTests.swift */,
			);
			path = mindwadeUITests;
			sourceTree = "<group>";
		};
/* End PBXGroup section */

/* Begin PBXNativeTarget section */
		3294FD182AFC50A6007783D0 /* mindwade */ = {
			isa = PBXNativeTarget;
			buildConfigurationList = 3294FD3D2AFC50A8007783D0 /* Build configuration list for PBXNativeTarget "mindwade" */;
			buildPhases = (
				3294FD152AFC50A6007783D0 /* Sources */,
				3294FD162AFC50A6007783D0 /* Frameworks */,
				3294FD172AFC50A6007783D0 /* Resources */,
			);
			buildRules = (
			);
			dependencies = (
			);
			name = mindwade;
			productName = mindwade;
			productReference = 3294FD192AFC50A7007783D0 /* mindwade.app */;
			productType = "com.apple.product-type.application";
		};
		3294FD282AFC50A8007783D0 /* mindwadeTests */ = {
			isa = PBXNativeTarget;
			buildConfigurationList = 3294FD402AFC50A8007783D0 /* Build configuration list for PBXNativeTarget "mindwadeTests" */;
			buildPhases = (
				3294FD252AFC50A8007783D0 /* Sources */,
				3294FD262AFC50A8007783D0 /* Frameworks */,
				3294FD272AFC50A8007783D0 /* Resources */,
			);
			buildRules = (
			);
			dependencies = (
				3294FD2B2AFC50A8007783D0 /* PBXTargetDependency */,
			);
			name = mindwadeTests;
			productName = mindwadeTests;
			productReference = 3294FD292AFC50A8007783D0 /* mindwadeTests.xctest */;
			productType = "com.apple.product-type.bundle.unit-test";
		};
		3294FD322AFC50A8007783D0 /* mindwadeUITests */ = {
			isa = PBXNativeTarget;
			buildConfigurationList = 3294FD432AFC50A8007783D0 /* Build configuration list for PBXNativeTarget "mindwadeUITests" */;
			buildPhases = (
				3294FD2F2AFC50A8007783D0 /* Sources */,
				3294FD302AFC50A8007783D0 /* Frameworks */,
				3294FD312AFC50A8007783D0 /* Resources */,
			);
			buildRules = (
			);
			dependencies = (
				3294FD352AFC50A8007783D0 /* PBXTargetDependency */,
			);
			name = mindwadeUITests;
			productName = mindwadeUITests;
			productReference = 3294FD332AFC50A8007783D0 /* mindwadeUITests.xctest */;
			productType = "com.apple.product-type.bundle.ui-testing";
		};
/* End PBXNativeTarget section */

/* Begin PBXProject section */
		3294FD112AFC50A6007783D0 /* Project object */ = {
			isa = PBXProject;
			attributes = {
				BuildIndependentTargetsInParallel = 1;
				LastSwiftUpdateCheck = 1500;
				LastUpgradeCheck = 1500;
				TargetAttributes = {
					3294FD182AFC50A6007783D0 = {
						CreatedOnToolsVersion = 15.0.1;
					};
					3294FD282AFC50A8007783D0 = {
						CreatedOnToolsVersion = 15.0.1;
						TestTargetID = 3294FD182AFC50A6007783D0;
					};
					3294FD322AFC50A8007783D0 = {
						CreatedOnToolsVersion = 15.0.1;
						TestTargetID = 3294FD182AFC50A6007783D0;
					};
				};
			};
			buildConfigurationList = 3294FD142AFC50A6007783D0 /* Build configuration list for PBXProject "mindwade" */;
			compatibilityVersion = "Xcode 14.0";
			developmentRegion = en;
			hasScannedForEncodings = 0;
			knownRegions = (
				en,
				Base,
			);
			mainGroup = 3294FD102AFC50A6007783D0;
			productRefGroup = 3294FD1A2AFC50A7007783D0 /* Products */;
			projectDirPath = "";
			projectRoot = "";
			targets = (
				3294FD182AFC50A6007783D0 /* mindwade */,
				3294FD282AFC50A8007783D0 /* mindwadeTests */,
				3294FD322AFC50A8007783D0 /* mindwadeUITests */,
			);
		};
/* End PBXProject section */

/* Begin PBXResourcesBuildPhase section */
		3294FD172AFC50A6007783D0 /* Resources */ = {
			isa = PBXResourcesBuildPhase;
			buildActionMask = 2147483647;
			files = (
				3294FD242AFC50A7007783D0 /* Preview Assets.xcassets in Resources */,
				32F92F5A2AFD47AD00C9D905 /* data.json in Resources */,
				3294FD212AFC50A7007783D0 /* Assets.xcassets in Resources */,
			);
			runOnlyForDeploymentPostprocessing = 0;
		};
		3294FD272AFC50A8007783D0 /* Resources */ = {
			isa = PBXResourcesBuildPhase;
			buildActionMask = 2147483647;
			files = (
			);
			runOnlyForDeploymentPostprocessing = 0;
		};
		3294FD312AFC50A8007783D0 /* Resources */ = {
			isa = PBXResourcesBuildPhase;
			buildActionMask = 2147483647;
			files = (
			);
			runOnlyForDeploymentPostprocessing = 0;
		};
/* End PBXResourcesBuildPhase section */

/* Begin PBXSourcesBuildPhase section */
		3294FD152AFC50A6007783D0 /* Sources */ = {
			isa = PBXSourcesBuildPhase;
			buildActionMask = 2147483647;
			files = (
				3294FD1F2AFC50A7007783D0 /* ContentView.swift in Sources */,
				32F92F582AFD472B00C9D905 /* Data.swift in Sources */,
				3294FD1D2AFC50A7007783D0 /* mindwadeApp.swift in Sources */,
			);
			runOnlyForDeploymentPostprocessing = 0;
		};
		3294FD252AFC50A8007783D0 /* Sources */ = {
			isa = PBXSourcesBuildPhase;
			buildActionMask = 2147483647;
			files = (
				3294FD2E2AFC50A8007783D0 /* mindwadeTests.swift in Sources */,
			);
			runOnlyForDeploymentPostprocessing = 0;
		};
		3294FD2F2AFC50A8007783D0 /* Sources */ = {
			isa = PBXSourcesBuildPhase;
			buildActionMask = 2147483647;
			files = (
				3294FD3A2AFC50A8007783D0 /* mindwadeUITestsLaunchTests.swift in Sources */,
				3294FD382AFC50A8007783D0 /* mindwadeUITests.swift in Sources */,
			);
			runOnlyForDeploymentPostprocessing = 0;
		};
/* End PBXSourcesBuildPhase section */

/* Begin PBXTargetDependency section */
		3294FD2B2AFC50A8007783D0 /* PBXTargetDependency */ = {
			isa = PBXTargetDependency;
			target = 3294FD182AFC50A6007783D0 /* mindwade */;
			targetProxy = 3294FD2A2AFC50A8007783D0 /* PBXContainerItemProxy */;
		};
		3294FD352AFC50A8007783D0 /* PBXTargetDependency */ = {
			isa = PBXTargetDependency;
			target = 3294FD182AFC50A6007783D0 /* mindwade */;
			targetProxy = 3294FD342AFC50A8007783D0 /* PBXContainerItemProxy */;
		};
/* End PBXTargetDependency section */

/* Begin XCBuildConfiguration section */
		3294FD3B2AFC50A8007783D0 /* Debug */ = {
			isa = XCBuildConfiguration;
			buildSettings = {
				ALWAYS_SEARCH_USER_PATHS = NO;
				ASSETCATALOG_COMPILER_GENERATE_SWIFT_ASSET_SYMBOL_EXTENSIONS = YES;
				CLANG_ANALYZER_NONNULL = YES;
				CLANG_ANALYZER_NUMBER_OBJECT_CONVERSION = YES_AGGRESSIVE;
				CLANG_CXX_LANGUAGE_STANDARD = "gnu++20";
				CLANG_ENABLE_MODULES = YES;
				CLANG_ENABLE_OBJC_ARC = YES;
				CLANG_ENABLE_OBJC_WEAK = YES;
				CLANG_WARN_BLOCK_CAPTURE_AUTORELEASING = YES;
				CLANG_WARN_BOOL_CONVERSION = YES;
				CLANG_WARN_COMMA = YES;
				CLANG_WARN_CONSTANT_CONVERSION = YES;
				CLANG_WARN_DEPRECATED_OBJC_IMPLEMENTATIONS = YES;
				CLANG_WARN_DIRECT_OBJC_ISA_USAGE = YES_ERROR;
				CLANG_WARN_DOCUMENTATION_COMMENTS = YES;
				CLANG_WARN_EMPTY_BODY = YES;
				CLANG_WARN_ENUM_CONVERSION = YES;
				CLANG_WARN_INFINITE_RECURSION = YES;
				CLANG_WARN_INT_CONVERSION = YES;
				CLANG_WARN_NON_LITERAL_NULL_CONVERSION = YES;
				CLANG_WARN_OBJC_IMPLICIT_RETAIN_SELF = YES;
				CLANG_WARN_OBJC_LITERAL_CONVERSION = YES;
				CLANG_WARN_OBJC_ROOT_CLASS = YES_ERROR;
				CLANG_WARN_QUOTED_INCLUDE_IN_FRAMEWORK_HEADER = YES;
				CLANG_WARN_RANGE_LOOP_ANALYSIS = YES;
				CLANG_WARN_STRICT_PROTOTYPES = YES;
				CLANG_WARN_SUSPICIOUS_MOVE = YES;
				CLANG_WARN_UNGUARDED_AVAILABILITY = YES_AGGRESSIVE;
				CLANG_WARN_UNREACHABLE_CODE = YES;
				CLANG_WARN__DUPLICATE_METHOD_MATCH = YES;
				COPY_PHASE_STRIP = NO;
				DEBUG_INFORMATION_FORMAT = dwarf;
				ENABLE_STRICT_OBJC_MSGSEND = YES;
				ENABLE_TESTABILITY = YES;
				ENABLE_USER_SCRIPT_SANDBOXING = YES;
				GCC_C_LANGUAGE_STANDARD = gnu17;
				GCC_DYNAMIC_NO_PIC = NO;
				GCC_NO_COMMON_BLOCKS = YES;
				GCC_OPTIMIZATION_LEVEL = 0;
				GCC_PREPROCESSOR_DEFINITIONS = (
					"DEBUG=1",
					"$(inherited)",
				);
				GCC_WARN_64_TO_32_BIT_CONVERSION = YES;
				GCC_WARN_ABOUT_RETURN_TYPE = YES_ERROR;
				GCC_WARN_UNDECLARED_SELECTOR = YES;
				GCC_WARN_UNINITIALIZED_AUTOS = YES_AGGRESSIVE;
				GCC_WARN_UNUSED_FUNCTION = YES;
				GCC_WARN_UNUSED_VARIABLE = YES;
				IPHONEOS_DEPLOYMENT_TARGET = 17.0;
				LOCALIZATION_PREFERS_STRING_CATALOGS = YES;
				MTL_ENABLE_DEBUG_INFO = INCLUDE_SOURCE;
				MTL_FAST_MATH = YES;
				ONLY_ACTIVE_ARCH = YES;
				SDKROOT = iphoneos;
				SWIFT_ACTIVE_COMPILATION_CONDITIONS = "DEBUG $(inherited)";
				SWIFT_OPTIMIZATION_LEVEL = "-Onone";
			};
			name = Debug;
		};
		3294FD3C2AFC50A8007783D0 /* Release */ = {
			isa = XCBuildConfiguration;
			buildSettings = {
				ALWAYS_SEARCH_USER_PATHS = NO;
				ASSETCATALOG_COMPILER_GENERATE_SWIFT_ASSET_SYMBOL_EXTENSIONS = YES;
				CLANG_ANALYZER_NONNULL = YES;
				CLANG_ANALYZER_NUMBER_OBJECT_CONVERSION = YES_AGGRESSIVE;
				CLANG_CXX_LANGUAGE_STANDARD = "gnu++20";
				CLANG_ENABLE_MODULES = YES;
				CLANG_ENABLE_OBJC_ARC = YES;
				CLANG_ENABLE_OBJC_WEAK = YES;
				CLANG_WARN_BLOCK_CAPTURE_AUTORELEASING = YES;
				CLANG_WARN_BOOL_CONVERSION = YES;
				CLANG_WARN_COMMA = YES;
				CLANG_WARN_CONSTANT_CONVERSION = YES;
				CLANG_WARN_DEPRECATED_OBJC_IMPLEMENTATIONS = YES;
				CLANG_WARN_DIRECT_OBJC_ISA_USAGE = YES_ERROR;
				CLANG_WARN_DOCUMENTATION_COMMENTS = YES;
				CLANG_WARN_EMPTY_BODY = YES;
				CLANG_WARN_ENUM_CONVERSION = YES;
				CLANG_WARN_INFINITE_RECURSION = YES;
				CLANG_WARN_INT_CONVERSION = YES;
				CLANG_WARN_NON_LITERAL_NULL_CONVERSION = YES;
				CLANG_WARN_OBJC_IMPLICIT_RETAIN_SELF = YES;
				CLANG_WARN_OBJC_LITERAL_CONVERSION = YES;
				CLANG_WARN_OBJC_ROOT_CLASS = YES_ERROR;
				CLANG_WARN_QUOTED_INCLUDE_IN_FRAMEWORK_HEADER = YES;
				CLANG_WARN_RANGE_LOOP_ANALYSIS = YES;
				CLANG_WARN_STRICT_PROTOTYPES = YES;
				CLANG_WARN_SUSPICIOUS_MOVE = YES;
				CLANG_WARN_UNGUARDED_AVAILABILITY = YES_AGGRESSIVE;
				CLANG_WARN_UNREACHABLE_CODE = YES;
				CLANG_WARN__DUPLICATE_METHOD_MATCH = YES;
				COPY_PHASE_STRIP = NO;
				DEBUG_INFORMATION_FORMAT = "dwarf-with-dsym";
				ENABLE_NS_ASSERTIONS = NO;
				ENABLE_STRICT_OBJC_MSGSEND = YES;
				ENABLE_USER_SCRIPT_SANDBOXING = YES;
				GCC_C_LANGUAGE_STANDARD = gnu17;
				GCC_NO_COMMON_BLOCKS = YES;
				GCC_WARN_64_TO_32_BIT_CONVERSION = YES;
				GCC_WARN_ABOUT_RETURN_TYPE = YES_ERROR;
				GCC_WARN_UNDECLARED_SELECTOR = YES;
				GCC_WARN_UNINITIALIZED_AUTOS = YES_AGGRESSIVE;
				GCC_WARN_UNUSED_FUNCTION = YES;
				GCC_WARN_UNUSED_VARIABLE = YES;
				IPHONEOS_DEPLOYMENT_TARGET = 17.0;
				LOCALIZATION_PREFERS_STRING_CATALOGS = YES;
				MTL_ENABLE_DEBUG_INFO = NO;
				MTL_FAST_MATH = YES;
				SDKROOT = iphoneos;
				SWIFT_COMPILATION_MODE = wholemodule;
				VALIDATE_PRODUCT = YES;
			};
			name = Release;
		};
		3294FD3E2AFC50A8007783D0 /* Debug */ = {
			isa = XCBuildConfiguration;
			buildSettings = {
				ASSETCATALOG_COMPILER_APPICON_NAME = AppIcon;
				ASSETCATALOG_COMPILER_GLOBAL_ACCENT_COLOR_NAME = AccentColor;
				CODE_SIGN_STYLE = Automatic;
				CURRENT_PROJECT_VERSION = 1;
				DEVELOPMENT_ASSET_PATHS = "\"mindwade/Preview Content\"";
				ENABLE_PREVIEWS = YES;
				GENERATE_INFOPLIST_FILE = YES;
				INFOPLIST_KEY_UIApplicationSceneManifest_Generation = YES;
				INFOPLIST_KEY_UIApplicationSupportsIndirectInputEvents = YES;
				INFOPLIST_KEY_UILaunchScreen_Generation = YES;
				INFOPLIST_KEY_UISupportedInterfaceOrientations_iPad = "UIInterfaceOrientationPortrait UIInterfaceOrientationPortraitUpsideDown UIInterfaceOrientationLandscapeLeft UIInterfaceOrientationLandscapeRight";
				INFOPLIST_KEY_UISupportedInterfaceOrientations_iPhone = "UIInterfaceOrientationPortrait UIInterfaceOrientationLandscapeLeft UIInterfaceOrientationLandscapeRight";
				LD_RUNPATH_SEARCH_PATHS = (
					"$(inherited)",
					"@executable_path/Frameworks",
				);
				MARKETING_VERSION = 1.0;
				PRODUCT_BUNDLE_IDENTIFIER = com.secondmind.mindwade;
				PRODUCT_NAME = "$(TARGET_NAME)";
				SWIFT_EMIT_LOC_STRINGS = YES;
				SWIFT_VERSION = 5.0;
				TARGETED_DEVICE_FAMILY = "1,2";
			};
			name = Debug;
		};
		3294FD3F2AFC50A8007783D0 /* Release */ = {
			isa = XCBuildConfiguration;
			buildSettings = {
				ASSETCATALOG_COMPILER_APPICON_NAME = AppIcon;
				ASSETCATALOG_COMPILER_GLOBAL_ACCENT_COLOR_NAME = AccentColor;
				CODE_SIGN_STYLE = Automatic;
				CURRENT_PROJECT_VERSION = 1;
				DEVELOPMENT_ASSET_PATHS = "\"mindwade/Preview Content\"";
				ENABLE_PREVIEWS = YES;
				GENERATE_INFOPLIST_FILE = YES;
				INFOPLIST_KEY_UIApplicationSceneManifest_Generation = YES;
				INFOPLIST_KEY_UIApplicationSupportsIndirectInputEvents = YES;
				INFOPLIST_KEY_UILaunchScreen_Generation = YES;
				INFOPLIST_KEY_UISupportedInterfaceOrientations_iPad = "UIInterfaceOrientationPortrait UIInterfaceOrientationPortraitUpsideDown UIInterfaceOrientationLandscapeLeft UIInterfaceOrientationLandscapeRight";
				INFOPLIST_KEY_UISupportedInterfaceOrientations_iPhone = "UIInterfaceOrientationPortrait UIInterfaceOrientationLandscapeLeft UIInterfaceOrientationLandscapeRight";
				LD_RUNPATH_SEARCH_PATHS = (
					"$(inherited)",
					"@executable_path/Frameworks",
				);
				MARKETING_VERSION = 1.0;
				PRODUCT_BUNDLE_IDENTIFIER = com.secondmind.mindwade;
				PRODUCT_NAME = "$(TARGET_NAME)";
				SWIFT_EMIT_LOC_STRINGS = YES;
				SWIFT_VERSION = 5.0;
				TARGETED_DEVICE_FAMILY = "1,2";
			};
			name = Release;
		};
		3294FD412AFC50A8007783D0 /* Debug */ = {
			isa = XCBuildConfiguration;
			buildSettings = {
				ALWAYS_EMBED_SWIFT_STANDARD_LIBRARIES = YES;
				BUNDLE_LOADER = "$(TEST_HOST)";
				CODE_SIGN_STYLE = Automatic;
				CURRENT_PROJECT_VERSION = 1;
				GENERATE_INFOPLIST_FILE = YES;
				IPHONEOS_DEPLOYMENT_TARGET = 17.0;
				MARKETING_VERSION = 1.0;
				PRODUCT_BUNDLE_IDENTIFIER = com.secondmind.mindwadeTests;
				PRODUCT_NAME = "$(TARGET_NAME)";
				SWIFT_EMIT_LOC_STRINGS = NO;
				SWIFT_VERSION = 5.0;
				TARGETED_DEVICE_FAMILY = "1,2";
				TEST_HOST = "$(BUILT_PRODUCTS_DIR)/mindwade.app/$(BUNDLE_EXECUTABLE_FOLDER_PATH)/mindwade";
			};
			name = Debug;
		};
		3294FD422AFC50A8007783D0 /* Release */ = {
			isa = XCBuildConfiguration;
			buildSettings = {
				ALWAYS_EMBED_SWIFT_STANDARD_LIBRARIES = YES;
				BUNDLE_LOADER = "$(TEST_HOST)";
				CODE_SIGN_STYLE = Automatic;
				CURRENT_PROJECT_VERSION = 1;
				GENERATE_INFOPLIST_FILE = YES;
				IPHONEOS_DEPLOYMENT_TARGET = 17.0;
				MARKETING_VERSION = 1.0;
				PRODUCT_BUNDLE_IDENTIFIER = com.secondmind.mindwadeTests;
				PRODUCT_NAME = "$(TARGET_NAME)";
				SWIFT_EMIT_LOC_STRINGS = NO;
				SWIFT_VERSION = 5.0;
				TARGETED_DEVICE_FAMILY = "1,2";
				TEST_HOST = "$(BUILT_PRODUCTS_DIR)/mindwade.app/$(BUNDLE_EXECUTABLE_FOLDER_PATH)/mindwade";
			};
			name = Release;
		};
		3294FD442AFC50A8007783D0 /* Debug */ = {
			isa = XCBuildConfiguration;
			buildSettings = {
				ALWAYS_EMBED_SWIFT_STANDARD_LIBRARIES = YES;
				CODE_SIGN_STYLE = Automatic;
				CURRENT_PROJECT_VERSION = 1;
				GENERATE_INFOPLIST_FILE = YES;
				MARKETING_VERSION = 1.0;
				PRODUCT_BUNDLE_IDENTIFIER = com.secondmind.mindwadeUITests;
				PRODUCT_NAME = "$(TARGET_NAME)";
				SWIFT_EMIT_LOC_STRINGS = NO;
				SWIFT_VERSION = 5.0;
				TARGETED_DEVICE_FAMILY = "1,2";
				TEST_TARGET_NAME = mindwade;
			};
			name = Debug;
		};
		3294FD452AFC50A8007783D0 /* Release */ = {
			isa = XCBuildConfiguration;
			buildSettings = {
				ALWAYS_EMBED_SWIFT_STANDARD_LIBRARIES = YES;
				CODE_SIGN_STYLE = Automatic;
				CURRENT_PROJECT_VERSION = 1;
				GENERATE_INFOPLIST_FILE = YES;
				MARKETING_VERSION = 1.0;
				PRODUCT_BUNDLE_IDENTIFIER = com.secondmind.mindwadeUITests;
				PRODUCT_NAME = "$(TARGET_NAME)";
				SWIFT_EMIT_LOC_STRINGS = NO;
				SWIFT_VERSION = 5.0;
				TARGETED_DEVICE_FAMILY = "1,2";
				TEST_TARGET_NAME = mindwade;
			};
			name = Release;
		};
/* End XCBuildConfiguration section */

/* Begin XCConfigurationList section */
		3294FD142AFC50A6007783D0 /* Build configuration list for PBXProject "mindwade" */ = {
			isa = XCConfigurationList;
			buildConfigurations = (
				3294FD3B2AFC50A8007783D0 /* Debug */,
				3294FD3C2AFC50A8007783D0 /* Release */,
			);
			defaultConfigurationIsVisible = 0;
			defaultConfigurationName = Release;
		};
		3294FD3D2AFC50A8007783D0 /* Build configuration list for PBXNativeTarget "mindwade" */ = {
			isa = XCConfigurationList;
			buildConfigurations = (
				3294FD3E2AFC50A8007783D0 /* Debug */,
				3294FD3F2AFC50A8007783D0 /* Release */,
			);
			defaultConfigurationIsVisible = 0;
			defaultConfigurationName = Release;
		};
		3294FD402AFC50A8007783D0 /* Build configuration list for PBXNativeTarget "mindwadeTests" */ = {
			isa = XCConfigurationList;
			buildConfigurations = (
				3294FD412AFC50A8007783D0 /* Debug */,
				3294FD422AFC50A8007783D0 /* Release */,
			);
			defaultConfigurationIsVisible = 0;
			defaultConfigurationName = Release;
		};
		3294FD432AFC50A8007783D0 /* Build configuration list for PBXNativeTarget "mindwadeUITests" */ = {
			isa = XCConfigurationList;
			buildConfigurations = (
				3294FD442AFC50A8007783D0 /* Debug */,
				3294FD452AFC50A8007783D0 /* Release */,
			);
			defaultConfigurationIsVisible = 0;
			defaultConfigurationName = Release;
		};
/* End XCConfigurationList section */
	};
	rootObject = 3294FD112AFC50A6007783D0 /* Project object */;
}
